// !$*UTF8*$!
{
	archiveVersion = 1;
	classes = {
	};
	objectVersion = 50;
	objects = {

/* Begin PBXBuildFile section */
		190BFB2222A3BF1700341872 /* DiaryTableViewCell.swift in Sources */ = {isa = PBXBuildFile; fileRef = 190BFB2122A3BF1700341872 /* DiaryTableViewCell.swift */; };
		191C250B22CB2E5600500F80 /* libsqlite3.tbd in Frameworks */ = {isa = PBXBuildFile; fileRef = 191C250A22CB2E5600500F80 /* libsqlite3.tbd */; };
		191C253122CB324A00500F80 /* FMDatabaseQueue.m in Sources */ = {isa = PBXBuildFile; fileRef = 191C252722CB324A00500F80 /* FMDatabaseQueue.m */; };
		191C253222CB324A00500F80 /* FMDatabase.m in Sources */ = {isa = PBXBuildFile; fileRef = 191C252822CB324A00500F80 /* FMDatabase.m */; };
		191C253422CB324A00500F80 /* FMResultSet.m in Sources */ = {isa = PBXBuildFile; fileRef = 191C252B22CB324A00500F80 /* FMResultSet.m */; };
		191C253522CB324A00500F80 /* FMDatabasePool.m in Sources */ = {isa = PBXBuildFile; fileRef = 191C252E22CB324A00500F80 /* FMDatabasePool.m */; };
		191C253622CB324A00500F80 /* FMDatabaseAdditions.m in Sources */ = {isa = PBXBuildFile; fileRef = 191C253022CB324A00500F80 /* FMDatabaseAdditions.m */; };
		191C253822CB345700500F80 /* FMDatabase.h in Sources */ = {isa = PBXBuildFile; fileRef = 191C252C22CB324A00500F80 /* FMDatabase.h */; };
		191C253922CB345700500F80 /* FMDatabaseAdditions.h in Sources */ = {isa = PBXBuildFile; fileRef = 191C252622CB324A00500F80 /* FMDatabaseAdditions.h */; };
		191C253A22CB345700500F80 /* FMDatabasePool.h in Sources */ = {isa = PBXBuildFile; fileRef = 191C252922CB324A00500F80 /* FMDatabasePool.h */; };
		191C253B22CB345700500F80 /* FMDatabaseQueue.h in Sources */ = {isa = PBXBuildFile; fileRef = 191C252D22CB324A00500F80 /* FMDatabaseQueue.h */; };
		191C253C22CB345700500F80 /* FMDB.h in Sources */ = {isa = PBXBuildFile; fileRef = 191C252F22CB324A00500F80 /* FMDB.h */; };
		191C253D22CB345700500F80 /* FMResultSet.h in Sources */ = {isa = PBXBuildFile; fileRef = 191C252522CB324A00500F80 /* FMResultSet.h */; };
		193C79EB22CAFE8700A50A73 /* Tree.db in Resources */ = {isa = PBXBuildFile; fileRef = 193C79EA22CAFE8700A50A73 /* Tree.db */; };
		193C79ED22CB022D00A50A73 /* UserDAO.swift in Sources */ = {isa = PBXBuildFile; fileRef = 193C79EC22CB022D00A50A73 /* UserDAO.swift */; };
		194ED36322B7C5B7000E5716 /* FMDBHelper.swift in Sources */ = {isa = PBXBuildFile; fileRef = 194ED36222B7C5B7000E5716 /* FMDBHelper.swift */; };
		195629EA229D173400103F8C /* ConvertingDataAndImage.swift in Sources */ = {isa = PBXBuildFile; fileRef = 195629E9229D173400103F8C /* ConvertingDataAndImage.swift */; };
		196240B8229E4AFE009472C9 /* DiaryPage.swift in Sources */ = {isa = PBXBuildFile; fileRef = 196240B7229E4AFE009472C9 /* DiaryPage.swift */; };
		196240C5229EB052009472C9 /* SignupButton@2x.png in Resources */ = {isa = PBXBuildFile; fileRef = 196240BE229EB052009472C9 /* SignupButton@2x.png */; };
		196240C6229EB052009472C9 /* ProfileImage@2x.png in Resources */ = {isa = PBXBuildFile; fileRef = 196240BF229EB052009472C9 /* ProfileImage@2x.png */; };
		196240C7229EB052009472C9 /* AlreadyHaveAccount.png in Resources */ = {isa = PBXBuildFile; fileRef = 196240C0229EB052009472C9 /* AlreadyHaveAccount.png */; };
		196240C8229EB052009472C9 /* UserNameTextField@2x.png in Resources */ = {isa = PBXBuildFile; fileRef = 196240C1229EB052009472C9 /* UserNameTextField@2x.png */; };
		196240C9229EB052009472C9 /* SignupBackground@2x.png in Resources */ = {isa = PBXBuildFile; fileRef = 196240C2229EB052009472C9 /* SignupBackground@2x.png */; };
		196240CF229EE415009472C9 /* DiaryTableViewController.swift in Sources */ = {isa = PBXBuildFile; fileRef = 196240CE229EE415009472C9 /* DiaryTableViewController.swift */; };
		19756E2E22A6658C0019ACB9 /* CommentIcon.png in Resources */ = {isa = PBXBuildFile; fileRef = 19756E2422A6658C0019ACB9 /* CommentIcon.png */; };
		19756E2F22A6658C0019ACB9 /* SetButton.png in Resources */ = {isa = PBXBuildFile; fileRef = 19756E2522A6658C0019ACB9 /* SetButton.png */; };
		19756E3122A6658C0019ACB9 /* NavigationBackGround.png in Resources */ = {isa = PBXBuildFile; fileRef = 19756E2722A6658C0019ACB9 /* NavigationBackGround.png */; };
		19756E3222A6658C0019ACB9 /* FavoriteIcon.png in Resources */ = {isa = PBXBuildFile; fileRef = 19756E2822A6658C0019ACB9 /* FavoriteIcon.png */; };
		19756E3622A6658C0019ACB9 /* PostTextField.png in Resources */ = {isa = PBXBuildFile; fileRef = 19756E2C22A6658C0019ACB9 /* PostTextField.png */; };
		19756E3722A6658C0019ACB9 /* ShareIcon.png in Resources */ = {isa = PBXBuildFile; fileRef = 19756E2D22A6658C0019ACB9 /* ShareIcon.png */; };
		19756E3922A666370019ACB9 /* NavigationProfileIcon.png in Resources */ = {isa = PBXBuildFile; fileRef = 19756E3822A666370019ACB9 /* NavigationProfileIcon.png */; };
		197A0D33229B99D400647E9B /* LoginController.swift in Sources */ = {isa = PBXBuildFile; fileRef = 197A0D32229B99D400647E9B /* LoginController.swift */; };
		197A0D5D229BB38900647E9B /* LoginBackground@2x.png in Resources */ = {isa = PBXBuildFile; fileRef = 197A0D5A229BB38900647E9B /* LoginBackground@2x.png */; };
		197A0D5E229BB38900647E9B /* HaveAccount.png in Resources */ = {isa = PBXBuildFile; fileRef = 197A0D5B229BB38900647E9B /* HaveAccount.png */; };
		197A0D5F229BB38900647E9B /* LoginButton@2x.png in Resources */ = {isa = PBXBuildFile; fileRef = 197A0D5C229BB38900647E9B /* LoginButton@2x.png */; };
		197A0D64229BED3800647E9B /* CustomNavigationController.swift in Sources */ = {isa = PBXBuildFile; fileRef = 197A0D63229BED3800647E9B /* CustomNavigationController.swift */; };
		1988567422CDC75300AD0778 /* Image.swift in Sources */ = {isa = PBXBuildFile; fileRef = 1988567322CDC75300AD0778 /* Image.swift */; };
		19AC1B762295291C007011F7 /* AppDelegate.swift in Sources */ = {isa = PBXBuildFile; fileRef = 19AC1B752295291C007011F7 /* AppDelegate.swift */; };
		19AC1B782295291C007011F7 /* SignupController.swift in Sources */ = {isa = PBXBuildFile; fileRef = 19AC1B772295291C007011F7 /* SignupController.swift */; };
		19AC1B7B2295291C007011F7 /* Main.storyboard in Resources */ = {isa = PBXBuildFile; fileRef = 19AC1B792295291C007011F7 /* Main.storyboard */; };
		19AC1B7D2295291D007011F7 /* Assets.xcassets in Resources */ = {isa = PBXBuildFile; fileRef = 19AC1B7C2295291D007011F7 /* Assets.xcassets */; };
		19AC1B802295291D007011F7 /* LaunchScreen.storyboard in Resources */ = {isa = PBXBuildFile; fileRef = 19AC1B7E2295291D007011F7 /* LaunchScreen.storyboard */; };
		19AC1B8922954265007011F7 /* Extention.swift in Sources */ = {isa = PBXBuildFile; fileRef = 19AC1B8822954265007011F7 /* Extention.swift */; };
		19AC1B8C2295440D007011F7 /* User.swift in Sources */ = {isa = PBXBuildFile; fileRef = 19AC1B8B2295440D007011F7 /* User.swift */; };
		19C66E9522A4CDC000467E00 /* DiaryPostController.swift in Sources */ = {isa = PBXBuildFile; fileRef = 19C66E9422A4CDC000467E00 /* DiaryPostController.swift */; };
		19C66E9D22A4E04A00467E00 /* Photo.png in Resources */ = {isa = PBXBuildFile; fileRef = 19C66E9722A4E04A00467E00 /* Photo.png */; };
		19C66E9E22A4E04A00467E00 /* Camera.png in Resources */ = {isa = PBXBuildFile; fileRef = 19C66E9822A4E04A00467E00 /* Camera.png */; };
		19C66E9F22A4E04A00467E00 /* Location.png in Resources */ = {isa = PBXBuildFile; fileRef = 19C66E9922A4E04A00467E00 /* Location.png */; };
		19C66EA022A4E04A00467E00 /* Voice.png in Resources */ = {isa = PBXBuildFile; fileRef = 19C66E9A22A4E04A00467E00 /* Voice.png */; };
		19C66EA122A4E04A00467E00 /* ToolBoxView.png in Resources */ = {isa = PBXBuildFile; fileRef = 19C66E9B22A4E04A00467E00 /* ToolBoxView.png */; };
		19C66EA222A4E04A00467E00 /* toolBoxButton.png in Resources */ = {isa = PBXBuildFile; fileRef = 19C66E9C22A4E04A00467E00 /* toolBoxButton.png */; };
		19C66EA422A4E0F000467E00 /* ProfileIcon.png in Resources */ = {isa = PBXBuildFile; fileRef = 19C66EA322A4E0F000467E00 /* ProfileIcon.png */; };
		19EA2B4D22DC5A8100DD8ECB /* DiaryPageDAO.swift in Sources */ = {isa = PBXBuildFile; fileRef = 19EA2B4C22DC5A8100DD8ECB /* DiaryPageDAO.swift */; };
		19F79A9922A220AF00EAF51F /* MainTabBarController.swift in Sources */ = {isa = PBXBuildFile; fileRef = 19F79A9822A220AF00EAF51F /* MainTabBarController.swift */; };
		19F79A9B22A24E1A00EAF51F /* TestViewController.swift in Sources */ = {isa = PBXBuildFile; fileRef = 19F79A9A22A24E1A00EAF51F /* TestViewController.swift */; };
/* End PBXBuildFile section */

/* Begin PBXFileReference section */
		190BFB2122A3BF1700341872 /* DiaryTableViewCell.swift */ = {isa = PBXFileReference; lastKnownFileType = sourcecode.swift; path = DiaryTableViewCell.swift; sourceTree = "<group>"; };
		191C250A22CB2E5600500F80 /* libsqlite3.tbd */ = {isa = PBXFileReference; lastKnownFileType = "sourcecode.text-based-dylib-definition"; name = libsqlite3.tbd; path = usr/lib/libsqlite3.tbd; sourceTree = SDKROOT; };
		191C252522CB324A00500F80 /* FMResultSet.h */ = {isa = PBXFileReference; fileEncoding = 4; lastKnownFileType = sourcecode.c.h; path = FMResultSet.h; sourceTree = "<group>"; };
		191C252622CB324A00500F80 /* FMDatabaseAdditions.h */ = {isa = PBXFileReference; fileEncoding = 4; lastKnownFileType = sourcecode.c.h; path = FMDatabaseAdditions.h; sourceTree = "<group>"; };
		191C252722CB324A00500F80 /* FMDatabaseQueue.m */ = {isa = PBXFileReference; fileEncoding = 4; lastKnownFileType = sourcecode.c.objc; path = FMDatabaseQueue.m; sourceTree = "<group>"; };
		191C252822CB324A00500F80 /* FMDatabase.m */ = {isa = PBXFileReference; fileEncoding = 4; lastKnownFileType = sourcecode.c.objc; path = FMDatabase.m; sourceTree = "<group>"; };
		191C252922CB324A00500F80 /* FMDatabasePool.h */ = {isa = PBXFileReference; fileEncoding = 4; lastKnownFileType = sourcecode.c.h; path = FMDatabasePool.h; sourceTree = "<group>"; };
		191C252B22CB324A00500F80 /* FMResultSet.m */ = {isa = PBXFileReference; fileEncoding = 4; lastKnownFileType = sourcecode.c.objc; path = FMResultSet.m; sourceTree = "<group>"; };
		191C252C22CB324A00500F80 /* FMDatabase.h */ = {isa = PBXFileReference; fileEncoding = 4; lastKnownFileType = sourcecode.c.h; path = FMDatabase.h; sourceTree = "<group>"; };
		191C252D22CB324A00500F80 /* FMDatabaseQueue.h */ = {isa = PBXFileReference; fileEncoding = 4; lastKnownFileType = sourcecode.c.h; path = FMDatabaseQueue.h; sourceTree = "<group>"; };
		191C252E22CB324A00500F80 /* FMDatabasePool.m */ = {isa = PBXFileReference; fileEncoding = 4; lastKnownFileType = sourcecode.c.objc; path = FMDatabasePool.m; sourceTree = "<group>"; };
		191C252F22CB324A00500F80 /* FMDB.h */ = {isa = PBXFileReference; fileEncoding = 4; lastKnownFileType = sourcecode.c.h; path = FMDB.h; sourceTree = "<group>"; };
		191C253022CB324A00500F80 /* FMDatabaseAdditions.m */ = {isa = PBXFileReference; fileEncoding = 4; lastKnownFileType = sourcecode.c.objc; path = FMDatabaseAdditions.m; sourceTree = "<group>"; };
		191C253722CB326200500F80 /* Bridgining-Header.h */ = {isa = PBXFileReference; lastKnownFileType = sourcecode.c.h; path = "Bridgining-Header.h"; sourceTree = "<group>"; };
		193C79EA22CAFE8700A50A73 /* Tree.db */ = {isa = PBXFileReference; lastKnownFileType = file; path = Tree.db; sourceTree = "<group>"; };
		193C79EC22CB022D00A50A73 /* UserDAO.swift */ = {isa = PBXFileReference; lastKnownFileType = sourcecode.swift; path = UserDAO.swift; sourceTree = "<group>"; };
		194ED36222B7C5B7000E5716 /* FMDBHelper.swift */ = {isa = PBXFileReference; lastKnownFileType = sourcecode.swift; path = FMDBHelper.swift; sourceTree = "<group>"; };
		195629E9229D173400103F8C /* ConvertingDataAndImage.swift */ = {isa = PBXFileReference; lastKnownFileType = sourcecode.swift; path = ConvertingDataAndImage.swift; sourceTree = "<group>"; };
		196240B7229E4AFE009472C9 /* DiaryPage.swift */ = {isa = PBXFileReference; lastKnownFileType = sourcecode.swift; path = DiaryPage.swift; sourceTree = "<group>"; };
		196240BE229EB052009472C9 /* SignupButton@2x.png */ = {isa = PBXFileReference; lastKnownFileType = image.png; path = "SignupButton@2x.png"; sourceTree = "<group>"; };
		196240BF229EB052009472C9 /* ProfileImage@2x.png */ = {isa = PBXFileReference; lastKnownFileType = image.png; path = "ProfileImage@2x.png"; sourceTree = "<group>"; };
		196240C0229EB052009472C9 /* AlreadyHaveAccount.png */ = {isa = PBXFileReference; lastKnownFileType = image.png; path = AlreadyHaveAccount.png; sourceTree = "<group>"; };
		196240C1229EB052009472C9 /* UserNameTextField@2x.png */ = {isa = PBXFileReference; lastKnownFileType = image.png; path = "UserNameTextField@2x.png"; sourceTree = "<group>"; };
		196240C2229EB052009472C9 /* SignupBackground@2x.png */ = {isa = PBXFileReference; lastKnownFileType = image.png; path = "SignupBackground@2x.png"; sourceTree = "<group>"; };
		196240CE229EE415009472C9 /* DiaryTableViewController.swift */ = {isa = PBXFileReference; fileEncoding = 4; lastKnownFileType = sourcecode.swift; path = DiaryTableViewController.swift; sourceTree = "<group>"; };
		19756E2422A6658C0019ACB9 /* CommentIcon.png */ = {isa = PBXFileReference; lastKnownFileType = image.png; path = CommentIcon.png; sourceTree = "<group>"; };
		19756E2522A6658C0019ACB9 /* SetButton.png */ = {isa = PBXFileReference; lastKnownFileType = image.png; path = SetButton.png; sourceTree = "<group>"; };
		19756E2722A6658C0019ACB9 /* NavigationBackGround.png */ = {isa = PBXFileReference; lastKnownFileType = image.png; path = NavigationBackGround.png; sourceTree = "<group>"; };
		19756E2822A6658C0019ACB9 /* FavoriteIcon.png */ = {isa = PBXFileReference; lastKnownFileType = image.png; path = FavoriteIcon.png; sourceTree = "<group>"; };
		19756E2C22A6658C0019ACB9 /* PostTextField.png */ = {isa = PBXFileReference; lastKnownFileType = image.png; path = PostTextField.png; sourceTree = "<group>"; };
		19756E2D22A6658C0019ACB9 /* ShareIcon.png */ = {isa = PBXFileReference; lastKnownFileType = image.png; path = ShareIcon.png; sourceTree = "<group>"; };
		19756E3822A666370019ACB9 /* NavigationProfileIcon.png */ = {isa = PBXFileReference; lastKnownFileType = image.png; path = NavigationProfileIcon.png; sourceTree = "<group>"; };
		197A0D32229B99D400647E9B /* LoginController.swift */ = {isa = PBXFileReference; lastKnownFileType = sourcecode.swift; path = LoginController.swift; sourceTree = "<group>"; };
		197A0D5A229BB38900647E9B /* LoginBackground@2x.png */ = {isa = PBXFileReference; lastKnownFileType = image.png; path = "LoginBackground@2x.png"; sourceTree = "<group>"; };
		197A0D5B229BB38900647E9B /* HaveAccount.png */ = {isa = PBXFileReference; lastKnownFileType = image.png; path = HaveAccount.png; sourceTree = "<group>"; };
		197A0D5C229BB38900647E9B /* LoginButton@2x.png */ = {isa = PBXFileReference; lastKnownFileType = image.png; path = "LoginButton@2x.png"; sourceTree = "<group>"; };
		197A0D63229BED3800647E9B /* CustomNavigationController.swift */ = {isa = PBXFileReference; lastKnownFileType = sourcecode.swift; path = CustomNavigationController.swift; sourceTree = "<group>"; };
		1988567322CDC75300AD0778 /* Image.swift */ = {isa = PBXFileReference; lastKnownFileType = sourcecode.swift; path = Image.swift; sourceTree = "<group>"; };
		19AC1B722295291C007011F7 /* Tree.app */ = {isa = PBXFileReference; explicitFileType = wrapper.application; includeInIndex = 0; path = Tree.app; sourceTree = BUILT_PRODUCTS_DIR; };
		19AC1B752295291C007011F7 /* AppDelegate.swift */ = {isa = PBXFileReference; lastKnownFileType = sourcecode.swift; path = AppDelegate.swift; sourceTree = "<group>"; };
		19AC1B772295291C007011F7 /* SignupController.swift */ = {isa = PBXFileReference; lastKnownFileType = sourcecode.swift; path = SignupController.swift; sourceTree = "<group>"; };
		19AC1B7A2295291C007011F7 /* Base */ = {isa = PBXFileReference; lastKnownFileType = file.storyboard; name = Base; path = Base.lproj/Main.storyboard; sourceTree = "<group>"; };
		19AC1B7C2295291D007011F7 /* Assets.xcassets */ = {isa = PBXFileReference; lastKnownFileType = folder.assetcatalog; path = Assets.xcassets; sourceTree = "<group>"; };
		19AC1B7F2295291D007011F7 /* Base */ = {isa = PBXFileReference; lastKnownFileType = file.storyboard; name = Base; path = Base.lproj/LaunchScreen.storyboard; sourceTree = "<group>"; };
		19AC1B812295291D007011F7 /* Info.plist */ = {isa = PBXFileReference; lastKnownFileType = text.plist.xml; path = Info.plist; sourceTree = "<group>"; };
		19AC1B8822954265007011F7 /* Extention.swift */ = {isa = PBXFileReference; lastKnownFileType = sourcecode.swift; path = Extention.swift; sourceTree = "<group>"; };
		19AC1B8B2295440D007011F7 /* User.swift */ = {isa = PBXFileReference; lastKnownFileType = sourcecode.swift; path = User.swift; sourceTree = "<group>"; };
		19C66E9422A4CDC000467E00 /* DiaryPostController.swift */ = {isa = PBXFileReference; lastKnownFileType = sourcecode.swift; path = DiaryPostController.swift; sourceTree = "<group>"; };
		19C66E9722A4E04A00467E00 /* Photo.png */ = {isa = PBXFileReference; lastKnownFileType = image.png; path = Photo.png; sourceTree = "<group>"; };
		19C66E9822A4E04A00467E00 /* Camera.png */ = {isa = PBXFileReference; lastKnownFileType = image.png; path = Camera.png; sourceTree = "<group>"; };
		19C66E9922A4E04A00467E00 /* Location.png */ = {isa = PBXFileReference; lastKnownFileType = image.png; path = Location.png; sourceTree = "<group>"; };
		19C66E9A22A4E04A00467E00 /* Voice.png */ = {isa = PBXFileReference; lastKnownFileType = image.png; path = Voice.png; sourceTree = "<group>"; };
		19C66E9B22A4E04A00467E00 /* ToolBoxView.png */ = {isa = PBXFileReference; lastKnownFileType = image.png; path = ToolBoxView.png; sourceTree = "<group>"; };
		19C66E9C22A4E04A00467E00 /* toolBoxButton.png */ = {isa = PBXFileReference; lastKnownFileType = image.png; path = toolBoxButton.png; sourceTree = "<group>"; };
		19C66EA322A4E0F000467E00 /* ProfileIcon.png */ = {isa = PBXFileReference; lastKnownFileType = image.png; path = ProfileIcon.png; sourceTree = "<group>"; };
		19EA2B4C22DC5A8100DD8ECB /* DiaryPageDAO.swift */ = {isa = PBXFileReference; lastKnownFileType = sourcecode.swift; path = DiaryPageDAO.swift; sourceTree = "<group>"; };
		19F79A9822A220AF00EAF51F /* MainTabBarController.swift */ = {isa = PBXFileReference; lastKnownFileType = sourcecode.swift; path = MainTabBarController.swift; sourceTree = "<group>"; };
		19F79A9A22A24E1A00EAF51F /* TestViewController.swift */ = {isa = PBXFileReference; lastKnownFileType = sourcecode.swift; path = TestViewController.swift; sourceTree = "<group>"; };
/* End PBXFileReference section */

/* Begin PBXFrameworksBuildPhase section */
		19AC1B6F2295291C007011F7 /* Frameworks */ = {
			isa = PBXFrameworksBuildPhase;
			buildActionMask = 2147483647;
			files = (
				191C250B22CB2E5600500F80 /* libsqlite3.tbd in Frameworks */,
			);
			runOnlyForDeploymentPostprocessing = 0;
		};
/* End PBXFrameworksBuildPhase section */

/* Begin PBXGroup section */
		191C250922CB2E5600500F80 /* Frameworks */ = {
			isa = PBXGroup;
			children = (
				191C250A22CB2E5600500F80 /* libsqlite3.tbd */,
			);
			name = Frameworks;
			sourceTree = "<group>";
		};
		193C79F022CB176700A50A73 /* FMDB */ = {
			isa = PBXGroup;
			children = (
				191C252C22CB324A00500F80 /* FMDatabase.h */,
				191C252822CB324A00500F80 /* FMDatabase.m */,
				191C252622CB324A00500F80 /* FMDatabaseAdditions.h */,
				191C253022CB324A00500F80 /* FMDatabaseAdditions.m */,
				191C252922CB324A00500F80 /* FMDatabasePool.h */,
				191C252E22CB324A00500F80 /* FMDatabasePool.m */,
				191C252D22CB324A00500F80 /* FMDatabaseQueue.h */,
				191C252722CB324A00500F80 /* FMDatabaseQueue.m */,
				191C252F22CB324A00500F80 /* FMDB.h */,
				191C252522CB324A00500F80 /* FMResultSet.h */,
				191C252B22CB324A00500F80 /* FMResultSet.m */,
				191C253722CB326200500F80 /* Bridgining-Header.h */,
			);
			path = FMDB;
			sourceTree = "<group>";
		};
		194ED36122B7C592000E5716 /* FMDBHelper */ = {
			isa = PBXGroup;
			children = (
				194ED36222B7C5B7000E5716 /* FMDBHelper.swift */,
				193C79EC22CB022D00A50A73 /* UserDAO.swift */,
				19EA2B4C22DC5A8100DD8ECB /* DiaryPageDAO.swift */,
			);
			path = FMDBHelper;
			sourceTree = "<group>";
		};
		196240B9229EA7FD009472C9 /* DiaryTableViewController */ = {
			isa = PBXGroup;
			children = (
				196240CE229EE415009472C9 /* DiaryTableViewController.swift */,
				190BFB2122A3BF1700341872 /* DiaryTableViewCell.swift */,
				19C66E9422A4CDC000467E00 /* DiaryPostController.swift */,
			);
			path = DiaryTableViewController;
			sourceTree = "<group>";
		};
		196240BA229EB052009472C9 /* DiaryTableViewControllerImages */ = {
			isa = PBXGroup;
			children = (
				19756E3822A666370019ACB9 /* NavigationProfileIcon.png */,
				19756E2422A6658C0019ACB9 /* CommentIcon.png */,
				19756E2822A6658C0019ACB9 /* FavoriteIcon.png */,
				19756E2722A6658C0019ACB9 /* NavigationBackGround.png */,
				19756E2C22A6658C0019ACB9 /* PostTextField.png */,
				19756E2522A6658C0019ACB9 /* SetButton.png */,
				19756E2D22A6658C0019ACB9 /* ShareIcon.png */,
			);
			path = DiaryTableViewControllerImages;
			sourceTree = "<group>";
		};
		196240BD229EB052009472C9 /* SignupControllerImages */ = {
			isa = PBXGroup;
			children = (
				196240BE229EB052009472C9 /* SignupButton@2x.png */,
				196240BF229EB052009472C9 /* ProfileImage@2x.png */,
				196240C0229EB052009472C9 /* AlreadyHaveAccount.png */,
				196240C1229EB052009472C9 /* UserNameTextField@2x.png */,
				196240C2229EB052009472C9 /* SignupBackground@2x.png */,
			);
			path = SignupControllerImages;
			sourceTree = "<group>";
		};
		197A0D31229B99AF00647E9B /* SignupLogninController */ = {
			isa = PBXGroup;
			children = (
				19AC1B772295291C007011F7 /* SignupController.swift */,
				197A0D32229B99D400647E9B /* LoginController.swift */,
			);
			path = SignupLogninController;
			sourceTree = "<group>";
		};
		197A0D59229BB35A00647E9B /* LoginControllerImages */ = {
			isa = PBXGroup;
			children = (
				197A0D5B229BB38900647E9B /* HaveAccount.png */,
				197A0D5A229BB38900647E9B /* LoginBackground@2x.png */,
				197A0D5C229BB38900647E9B /* LoginButton@2x.png */,
			);
			path = LoginControllerImages;
			sourceTree = "<group>";
		};
		197A0D62229BED2000647E9B /* Utils */ = {
			isa = PBXGroup;
			children = (
				197A0D63229BED3800647E9B /* CustomNavigationController.swift */,
				195629E9229D173400103F8C /* ConvertingDataAndImage.swift */,
			);
			path = Utils;
			sourceTree = "<group>";
		};
		19AC1B692295291C007011F7 = {
			isa = PBXGroup;
			children = (
				19AC1B742295291C007011F7 /* Tree */,
				19AC1B732295291C007011F7 /* Products */,
				191C250922CB2E5600500F80 /* Frameworks */,
			);
			sourceTree = "<group>";
		};
		19AC1B732295291C007011F7 /* Products */ = {
			isa = PBXGroup;
			children = (
				19AC1B722295291C007011F7 /* Tree.app */,
			);
			name = Products;
			sourceTree = "<group>";
		};
		19AC1B742295291C007011F7 /* Tree */ = {
			isa = PBXGroup;
			children = (
				193C79F022CB176700A50A73 /* FMDB */,
				19F79A9822A220AF00EAF51F /* MainTabBarController.swift */,
				194ED36122B7C592000E5716 /* FMDBHelper */,
				197A0D31229B99AF00647E9B /* SignupLogninController */,
				196240B9229EA7FD009472C9 /* DiaryTableViewController */,
				19AC1B8A229543DF007011F7 /* Model */,
				197A0D62229BED2000647E9B /* Utils */,
				19AC1B8722954254007011F7 /* Extention */,
				19AC1B8D22954EE7007011F7 /* Resource */,
				19AC1B752295291C007011F7 /* AppDelegate.swift */,
				19AC1B792295291C007011F7 /* Main.storyboard */,
				19AC1B7C2295291D007011F7 /* Assets.xcassets */,
				19AC1B7E2295291D007011F7 /* LaunchScreen.storyboard */,
				19AC1B812295291D007011F7 /* Info.plist */,
				19F79A9A22A24E1A00EAF51F /* TestViewController.swift */,
				193C79EA22CAFE8700A50A73 /* Tree.db */,
			);
			path = Tree;
			sourceTree = "<group>";
		};
		19AC1B8722954254007011F7 /* Extention */ = {
			isa = PBXGroup;
			children = (
				19AC1B8822954265007011F7 /* Extention.swift */,
			);
			path = Extention;
			sourceTree = "<group>";
		};
		19AC1B8A229543DF007011F7 /* Model */ = {
			isa = PBXGroup;
			children = (
				19AC1B8B2295440D007011F7 /* User.swift */,
				196240B7229E4AFE009472C9 /* DiaryPage.swift */,
				1988567322CDC75300AD0778 /* Image.swift */,
			);
			path = Model;
			sourceTree = "<group>";
		};
		19AC1B8D22954EE7007011F7 /* Resource */ = {
			isa = PBXGroup;
			children = (
				19C66E9622A4DF6000467E00 /* DiaryPostControllerImages */,
				196240BA229EB052009472C9 /* DiaryTableViewControllerImages */,
				196240BD229EB052009472C9 /* SignupControllerImages */,
				197A0D59229BB35A00647E9B /* LoginControllerImages */,
			);
			path = Resource;
			sourceTree = "<group>";
		};
		19C66E9622A4DF6000467E00 /* DiaryPostControllerImages */ = {
			isa = PBXGroup;
			children = (
				19C66EA322A4E0F000467E00 /* ProfileIcon.png */,
				19C66E9822A4E04A00467E00 /* Camera.png */,
				19C66E9922A4E04A00467E00 /* Location.png */,
				19C66E9722A4E04A00467E00 /* Photo.png */,
				19C66E9C22A4E04A00467E00 /* toolBoxButton.png */,
				19C66E9B22A4E04A00467E00 /* ToolBoxView.png */,
				19C66E9A22A4E04A00467E00 /* Voice.png */,
			);
			path = DiaryPostControllerImages;
			sourceTree = "<group>";
		};
/* End PBXGroup section */

/* Begin PBXNativeTarget section */
		19AC1B712295291C007011F7 /* Tree */ = {
			isa = PBXNativeTarget;
			buildConfigurationList = 19AC1B842295291D007011F7 /* Build configuration list for PBXNativeTarget "Tree" */;
			buildPhases = (
				19AC1B6E2295291C007011F7 /* Sources */,
				19AC1B6F2295291C007011F7 /* Frameworks */,
				19AC1B702295291C007011F7 /* Resources */,
			);
			buildRules = (
			);
			dependencies = (
			);
			name = Tree;
			productName = Tree;
			productReference = 19AC1B722295291C007011F7 /* Tree.app */;
			productType = "com.apple.product-type.application";
		};
/* End PBXNativeTarget section */

/* Begin PBXProject section */
		19AC1B6A2295291C007011F7 /* Project object */ = {
			isa = PBXProject;
			attributes = {
				LastSwiftUpdateCheck = 1010;
				LastUpgradeCheck = 1010;
				ORGANIZATIONNAME = "Jae Ki Lee";
				TargetAttributes = {
					19AC1B712295291C007011F7 = {
						CreatedOnToolsVersion = 10.1;
						LastSwiftMigration = 1020;
					};
				};
			};
			buildConfigurationList = 19AC1B6D2295291C007011F7 /* Build configuration list for PBXProject "Tree" */;
			compatibilityVersion = "Xcode 9.3";
			developmentRegion = en;
			hasScannedForEncodings = 0;
			knownRegions = (
				en,
				Base,
			);
			mainGroup = 19AC1B692295291C007011F7;
			productRefGroup = 19AC1B732295291C007011F7 /* Products */;
			projectDirPath = "";
			projectRoot = "";
			targets = (
				19AC1B712295291C007011F7 /* Tree */,
			);
		};
/* End PBXProject section */

/* Begin PBXResourcesBuildPhase section */
		19AC1B702295291C007011F7 /* Resources */ = {
			isa = PBXResourcesBuildPhase;
			buildActionMask = 2147483647;
			files = (
				197A0D5D229BB38900647E9B /* LoginBackground@2x.png in Resources */,
				197A0D5F229BB38900647E9B /* LoginButton@2x.png in Resources */,
				196240C5229EB052009472C9 /* SignupButton@2x.png in Resources */,
				19AC1B802295291D007011F7 /* LaunchScreen.storyboard in Resources */,
				19756E2F22A6658C0019ACB9 /* SetButton.png in Resources */,
				193C79EB22CAFE8700A50A73 /* Tree.db in Resources */,
				197A0D5E229BB38900647E9B /* HaveAccount.png in Resources */,
				19C66E9E22A4E04A00467E00 /* Camera.png in Resources */,
				196240C7229EB052009472C9 /* AlreadyHaveAccount.png in Resources */,
				19756E3722A6658C0019ACB9 /* ShareIcon.png in Resources */,
				19756E3222A6658C0019ACB9 /* FavoriteIcon.png in Resources */,
				19C66EA122A4E04A00467E00 /* ToolBoxView.png in Resources */,
				19C66EA222A4E04A00467E00 /* toolBoxButton.png in Resources */,
				19756E2E22A6658C0019ACB9 /* CommentIcon.png in Resources */,
				19AC1B7D2295291D007011F7 /* Assets.xcassets in Resources */,
				19C66EA022A4E04A00467E00 /* Voice.png in Resources */,
				19C66EA422A4E0F000467E00 /* ProfileIcon.png in Resources */,
				19C66E9F22A4E04A00467E00 /* Location.png in Resources */,
				19C66E9D22A4E04A00467E00 /* Photo.png in Resources */,
				196240C9229EB052009472C9 /* SignupBackground@2x.png in Resources */,
				196240C8229EB052009472C9 /* UserNameTextField@2x.png in Resources */,
				19756E3122A6658C0019ACB9 /* NavigationBackGround.png in Resources */,
				19756E3922A666370019ACB9 /* NavigationProfileIcon.png in Resources */,
				19756E3622A6658C0019ACB9 /* PostTextField.png in Resources */,
				196240C6229EB052009472C9 /* ProfileImage@2x.png in Resources */,
				19AC1B7B2295291C007011F7 /* Main.storyboard in Resources */,
			);
			runOnlyForDeploymentPostprocessing = 0;
		};
/* End PBXResourcesBuildPhase section */

/* Begin PBXSourcesBuildPhase section */
		19AC1B6E2295291C007011F7 /* Sources */ = {
			isa = PBXSourcesBuildPhase;
			buildActionMask = 2147483647;
			files = (
				191C253822CB345700500F80 /* FMDatabase.h in Sources */,
				1988567422CDC75300AD0778 /* Image.swift in Sources */,
				191C253922CB345700500F80 /* FMDatabaseAdditions.h in Sources */,
				191C253A22CB345700500F80 /* FMDatabasePool.h in Sources */,
				191C253B22CB345700500F80 /* FMDatabaseQueue.h in Sources */,
				191C253C22CB345700500F80 /* FMDB.h in Sources */,
				191C253D22CB345700500F80 /* FMResultSet.h in Sources */,
				19F79A9922A220AF00EAF51F /* MainTabBarController.swift in Sources */,
				19AC1B782295291C007011F7 /* SignupController.swift in Sources */,
				191C253522CB324A00500F80 /* FMDatabasePool.m in Sources */,
				194ED36322B7C5B7000E5716 /* FMDBHelper.swift in Sources */,
				19F79A9B22A24E1A00EAF51F /* TestViewController.swift in Sources */,
				191C253222CB324A00500F80 /* FMDatabase.m in Sources */,
				19C66E9522A4CDC000467E00 /* DiaryPostController.swift in Sources */,
				191C253422CB324A00500F80 /* FMResultSet.m in Sources */,
				197A0D33229B99D400647E9B /* LoginController.swift in Sources */,
				196240CF229EE415009472C9 /* DiaryTableViewController.swift in Sources */,
				19AC1B8922954265007011F7 /* Extention.swift in Sources */,
				196240B8229E4AFE009472C9 /* DiaryPage.swift in Sources */,
				19EA2B4D22DC5A8100DD8ECB /* DiaryPageDAO.swift in Sources */,
				191C253122CB324A00500F80 /* FMDatabaseQueue.m in Sources */,
				195629EA229D173400103F8C /* ConvertingDataAndImage.swift in Sources */,
				197A0D64229BED3800647E9B /* CustomNavigationController.swift in Sources */,
				19AC1B762295291C007011F7 /* AppDelegate.swift in Sources */,
				19AC1B8C2295440D007011F7 /* User.swift in Sources */,
				193C79ED22CB022D00A50A73 /* UserDAO.swift in Sources */,
				190BFB2222A3BF1700341872 /* DiaryTableViewCell.swift in Sources */,
				191C253622CB324A00500F80 /* FMDatabaseAdditions.m in Sources */,
			);
			runOnlyForDeploymentPostprocessing = 0;
		};
/* End PBXSourcesBuildPhase section */

/* Begin PBXVariantGroup section */
		19AC1B792295291C007011F7 /* Main.storyboard */ = {
			isa = PBXVariantGroup;
			children = (
				19AC1B7A2295291C007011F7 /* Base */,
			);
			name = Main.storyboard;
			sourceTree = "<group>";
		};
		19AC1B7E2295291D007011F7 /* LaunchScreen.storyboard */ = {
			isa = PBXVariantGroup;
			children = (
				19AC1B7F2295291D007011F7 /* Base */,
			);
			name = LaunchScreen.storyboard;
			sourceTree = "<group>";
		};
/* End PBXVariantGroup section */

/* Begin XCBuildConfiguration section */
		19AC1B822295291D007011F7 /* Debug */ = {
			isa = XCBuildConfiguration;
			buildSettings = {
				ALWAYS_SEARCH_USER_PATHS = NO;
				CLANG_ANALYZER_NONNULL = YES;
				CLANG_ANALYZER_NUMBER_OBJECT_CONVERSION = YES_AGGRESSIVE;
				CLANG_CXX_LANGUAGE_STANDARD = "gnu++14";
				CLANG_CXX_LIBRARY = "libc++";
				CLANG_ENABLE_MODULES = YES;
				CLANG_ENABLE_OBJC_ARC = YES;
				CLANG_ENABLE_OBJC_WEAK = YES;
				CLANG_WARN_BLOCK_CAPTURE_AUTORELEASING = YES;
				CLANG_WARN_BOOL_CONVERSION = YES;
				CLANG_WARN_COMMA = YES;
				CLANG_WARN_CONSTANT_CONVERSION = YES;
				CLANG_WARN_DEPRECATED_OBJC_IMPLEMENTATIONS = YES;
				CLANG_WARN_DIRECT_OBJC_ISA_USAGE = YES_ERROR;
				CLANG_WARN_DOCUMENTATION_COMMENTS = YES;
				CLANG_WARN_EMPTY_BODY = YES;
				CLANG_WARN_ENUM_CONVERSION = YES;
				CLANG_WARN_INFINITE_RECURSION = YES;
				CLANG_WARN_INT_CONVERSION = YES;
				CLANG_WARN_NON_LITERAL_NULL_CONVERSION = YES;
				CLANG_WARN_OBJC_IMPLICIT_RETAIN_SELF = YES;
				CLANG_WARN_OBJC_LITERAL_CONVERSION = YES;
				CLANG_WARN_OBJC_ROOT_CLASS = YES_ERROR;
				CLANG_WARN_RANGE_LOOP_ANALYSIS = YES;
				CLANG_WARN_STRICT_PROTOTYPES = YES;
				CLANG_WARN_SUSPICIOUS_MOVE = YES;
				CLANG_WARN_UNGUARDED_AVAILABILITY = YES_AGGRESSIVE;
				CLANG_WARN_UNREACHABLE_CODE = YES;
				CLANG_WARN__DUPLICATE_METHOD_MATCH = YES;
				CODE_SIGN_IDENTITY = "iPhone Developer";
				COPY_PHASE_STRIP = NO;
				DEBUG_INFORMATION_FORMAT = dwarf;
				ENABLE_STRICT_OBJC_MSGSEND = YES;
				ENABLE_TESTABILITY = YES;
				GCC_C_LANGUAGE_STANDARD = gnu11;
				GCC_DYNAMIC_NO_PIC = NO;
				GCC_NO_COMMON_BLOCKS = YES;
				GCC_OPTIMIZATION_LEVEL = 0;
				GCC_PREPROCESSOR_DEFINITIONS = (
					"DEBUG=1",
					"$(inherited)",
				);
				GCC_WARN_64_TO_32_BIT_CONVERSION = YES;
				GCC_WARN_ABOUT_RETURN_TYPE = YES_ERROR;
				GCC_WARN_UNDECLARED_SELECTOR = YES;
				GCC_WARN_UNINITIALIZED_AUTOS = YES_AGGRESSIVE;
				GCC_WARN_UNUSED_FUNCTION = YES;
				GCC_WARN_UNUSED_VARIABLE = YES;
				IPHONEOS_DEPLOYMENT_TARGET = 12.1;
				MTL_ENABLE_DEBUG_INFO = INCLUDE_SOURCE;
				MTL_FAST_MATH = YES;
				ONLY_ACTIVE_ARCH = YES;
				SDKROOT = iphoneos;
				SWIFT_ACTIVE_COMPILATION_CONDITIONS = DEBUG;
				SWIFT_OPTIMIZATION_LEVEL = "-Onone";
			};
			name = Debug;
		};
		19AC1B832295291D007011F7 /* Release */ = {
			isa = XCBuildConfiguration;
			buildSettings = {
				ALWAYS_SEARCH_USER_PATHS = NO;
				CLANG_ANALYZER_NONNULL = YES;
				CLANG_ANALYZER_NUMBER_OBJECT_CONVERSION = YES_AGGRESSIVE;
				CLANG_CXX_LANGUAGE_STANDARD = "gnu++14";
				CLANG_CXX_LIBRARY = "libc++";
				CLANG_ENABLE_MODULES = YES;
				CLANG_ENABLE_OBJC_ARC = YES;
				CLANG_ENABLE_OBJC_WEAK = YES;
				CLANG_WARN_BLOCK_CAPTURE_AUTORELEASING = YES;
				CLANG_WARN_BOOL_CONVERSION = YES;
				CLANG_WARN_COMMA = YES;
				CLANG_WARN_CONSTANT_CONVERSION = YES;
				CLANG_WARN_DEPRECATED_OBJC_IMPLEMENTATIONS = YES;
				CLANG_WARN_DIRECT_OBJC_ISA_USAGE = YES_ERROR;
				CLANG_WARN_DOCUMENTATION_COMMENTS = YES;
				CLANG_WARN_EMPTY_BODY = YES;
				CLANG_WARN_ENUM_CONVERSION = YES;
				CLANG_WARN_INFINITE_RECURSION = YES;
				CLANG_WARN_INT_CONVERSION = YES;
				CLANG_WARN_NON_LITERAL_NULL_CONVERSION = YES;
				CLANG_WARN_OBJC_IMPLICIT_RETAIN_SELF = YES;
				CLANG_WARN_OBJC_LITERAL_CONVERSION = YES;
				CLANG_WARN_OBJC_ROOT_CLASS = YES_ERROR;
				CLANG_WARN_RANGE_LOOP_ANALYSIS = YES;
				CLANG_WARN_STRICT_PROTOTYPES = YES;
				CLANG_WARN_SUSPICIOUS_MOVE = YES;
				CLANG_WARN_UNGUARDED_AVAILABILITY = YES_AGGRESSIVE;
				CLANG_WARN_UNREACHABLE_CODE = YES;
				CLANG_WARN__DUPLICATE_METHOD_MATCH = YES;
				CODE_SIGN_IDENTITY = "iPhone Developer";
				COPY_PHASE_STRIP = NO;
				DEBUG_INFORMATION_FORMAT = "dwarf-with-dsym";
				ENABLE_NS_ASSERTIONS = NO;
				ENABLE_STRICT_OBJC_MSGSEND = YES;
				GCC_C_LANGUAGE_STANDARD = gnu11;
				GCC_NO_COMMON_BLOCKS = YES;
				GCC_WARN_64_TO_32_BIT_CONVERSION = YES;
				GCC_WARN_ABOUT_RETURN_TYPE = YES_ERROR;
				GCC_WARN_UNDECLARED_SELECTOR = YES;
				GCC_WARN_UNINITIALIZED_AUTOS = YES_AGGRESSIVE;
				GCC_WARN_UNUSED_FUNCTION = YES;
				GCC_WARN_UNUSED_VARIABLE = YES;
				IPHONEOS_DEPLOYMENT_TARGET = 12.1;
				MTL_ENABLE_DEBUG_INFO = NO;
				MTL_FAST_MATH = YES;
				SDKROOT = iphoneos;
				SWIFT_COMPILATION_MODE = wholemodule;
				SWIFT_OPTIMIZATION_LEVEL = "-O";
				VALIDATE_PRODUCT = YES;
			};
			name = Release;
		};
		19AC1B852295291D007011F7 /* Debug */ = {
			isa = XCBuildConfiguration;
			buildSettings = {
				ASSETCATALOG_COMPILER_APPICON_NAME = AppIcon;
				CLANG_ENABLE_MODULES = YES;
				CODE_SIGN_STYLE = Automatic;
				DEVELOPMENT_TEAM = QENNCHR6YZ;
				INFOPLIST_FILE = Tree/Info.plist;
				LD_RUNPATH_SEARCH_PATHS = (
					"$(inherited)",
					"@executable_path/Frameworks",
				);
				PRODUCT_BUNDLE_IDENTIFIER = "JK-L.Tree";
				PRODUCT_NAME = "$(TARGET_NAME)";
				SWIFT_OBJC_BRIDGING_HEADER = "Tree/FMDB/Bridgining-Header.h";
				SWIFT_OPTIMIZATION_LEVEL = "-Onone";
				SWIFT_VERSION = 4.2;
				TARGETED_DEVICE_FAMILY = "1,2";
			};
			name = Debug;
		};
		19AC1B862295291D007011F7 /* Release */ = {
			isa = XCBuildConfiguration;
			buildSettings = {
				ASSETCATALOG_COMPILER_APPICON_NAME = AppIcon;
				CLANG_ENABLE_MODULES = YES;
				CODE_SIGN_STYLE = Automatic;
				DEVELOPMENT_TEAM = QENNCHR6YZ;
				INFOPLIST_FILE = Tree/Info.plist;
				LD_RUNPATH_SEARCH_PATHS = (
					"$(inherited)",
					"@executable_path/Frameworks",
				);
				PRODUCT_BUNDLE_IDENTIFIER = "JK-L.Tree";
				PRODUCT_NAME = "$(TARGET_NAME)";
				SWIFT_OBJC_BRIDGING_HEADER = "Tree/FMDB/Bridgining-Header.h";
				SWIFT_VERSION = 4.2;
				TARGETED_DEVICE_FAMILY = "1,2";
			};
			name = Release;
		};
/* End XCBuildConfiguration section */

/* Begin XCConfigurationList section */
		19AC1B6D2295291C007011F7 /* Build configuration list for PBXProject "Tree" */ = {
			isa = XCConfigurationList;
			buildConfigurations = (
				19AC1B822295291D007011F7 /* Debug */,
				19AC1B832295291D007011F7 /* Release */,
			);
			defaultConfigurationIsVisible = 0;
			defaultConfigurationName = Release;
		};
		19AC1B842295291D007011F7 /* Build configuration list for PBXNativeTarget "Tree" */ = {
			isa = XCConfigurationList;
			buildConfigurations = (
				19AC1B852295291D007011F7 /* Debug */,
				19AC1B862295291D007011F7 /* Release */,
			);
			defaultConfigurationIsVisible = 0;
			defaultConfigurationName = Release;
		};
/* End XCConfigurationList section */
	};
	rootObject = 19AC1B6A2295291C007011F7 /* Project object */;
}
